
Microsoft Visual Studio Solution File, Format Version 12.00
# Visual Studio Version 16
VisualStudioVersion = 16.0.30204.135
MinimumVisualStudioVersion = 10.0.40219.1
Project("{FAE04EC0-301F-11D3-BF4B-00C04F79EFBC}") = "SMDL3", "SMDL3\SMDL3.csproj", "{DBBDB6A0-FCD9-4A8D-BCAE-44312B8F2E08}"
EndProject
Global
	GlobalSection(SolutionConfigurationPlatforms) = preSolution
		Debug|Any CPU = Debug|Any CPU
		Release|Any CPU = Release|Any CPU
	EndGlobalSection
	GlobalSection(ProjectConfigurationPlatforms) = postSolution
		{DBBDB6A0-FCD9-4A8D-BCAE-44312B8F2E08}.Debug|Any CPU.ActiveCfg = Debug|Any CPU
		{DBBDB6A0-FCD9-4A8D-BCAE-44312B8F2E08}.Debug|Any CPU.Build.0 = Debug|Any CPU
		{DBBDB6A0-FCD9-4A8D-BCAE-44312B8F2E08}.Release|Any CPU.ActiveCfg = Release|Any CPU
		{DBBDB6A0-FCD9-4A8D-BCAE-44312B8F2E08}.Release|Any CPU.Build.0 = Release|Any CPU
	EndGlobalSection
	GlobalSection(SolutionProperties) = preSolution
		HideSolutionNode = FALSE
	EndGlobalSection
	GlobalSection(ExtensibilityGlobals) = postSolution
		SolutionGuid = {3B0044FE-7BEF-42B6-B088-479FF552CF05}
	EndGlobalSection
EndGlobal
